
Microsoft Visual Studio Solution File, Format Version 12.00
# Visual Studio Version 17
VisualStudioVersion = 17.11.35312.102
MinimumVisualStudioVersion = 10.0.40219.1
Project("{2150E333-8FDC-42A3-9474-1A3956D46DE8}") = "Services", "Services", "{5CEEDC0E-6A4E-4368-9A6C-62769DE3859F}"
EndProject
Project("{2150E333-8FDC-42A3-9474-1A3956D46DE8}") = "Catalog", "Catalog", "{B53A7C7A-7B88-45CA-B4AD-4AC2E365C966}"
EndProject
Project("{9A19103F-16F7-4668-BE54-9A1E7A4F7556}") = "Catalog.API", "Services\Catalog\Catalog.API\Catalog.API.csproj", "{AF9DA658-AFC4-434E-A89F-C5933ECC7A20}"
EndProject
Project("{2150E333-8FDC-42A3-9474-1A3956D46DE8}") = "BuildingBlocks", "BuildingBlocks", "{EEA558EF-4DA1-490E-BE42-B88873826474}"
EndProject
Project("{9A19103F-16F7-4668-BE54-9A1E7A4F7556}") = "BuildingBlocks", "BuildingBlocks\BuildingBlocks\BuildingBlocks.csproj", "{5C2A2CE5-5245-4722-AC02-85BCD9B294E8}"
EndProject
Project("{E53339B2-1760-4266-BCC7-CA923CBCF16C}") = "docker-compose", "docker-compose.dcproj", "{C697D292-45F0-489A-9648-1FCA26EECDB0}"
EndProject
Project("{2150E333-8FDC-42A3-9474-1A3956D46DE8}") = "Basket", "Basket", "{B1BA7CC8-D057-444B-981D-6F3A45D10C00}"
EndProject
Project("{FAE04EC0-301F-11D3-BF4B-00C04F79EFBC}") = "Basket.API", "Services\Basket\Basket.API\Basket.API.csproj", "{8E23EE70-CF91-4BD4-A2B5-20186D8679F3}"
EndProject
Global
	GlobalSection(SolutionConfigurationPlatforms) = preSolution
		Debug|Any CPU = Debug|Any CPU
		Release|Any CPU = Release|Any CPU
	EndGlobalSection
	GlobalSection(ProjectConfigurationPlatforms) = postSolution
		{AF9DA658-AFC4-434E-A89F-C5933ECC7A20}.Debug|Any CPU.ActiveCfg = Debug|Any CPU
		{AF9DA658-AFC4-434E-A89F-C5933ECC7A20}.Debug|Any CPU.Build.0 = Debug|Any CPU
		{AF9DA658-AFC4-434E-A89F-C5933ECC7A20}.Release|Any CPU.ActiveCfg = Release|Any CPU
		{AF9DA658-AFC4-434E-A89F-C5933ECC7A20}.Release|Any CPU.Build.0 = Release|Any CPU
		{5C2A2CE5-5245-4722-AC02-85BCD9B294E8}.Debug|Any CPU.ActiveCfg = Debug|Any CPU
		{5C2A2CE5-5245-4722-AC02-85BCD9B294E8}.Debug|Any CPU.Build.0 = Debug|Any CPU
		{5C2A2CE5-5245-4722-AC02-85BCD9B294E8}.Release|Any CPU.ActiveCfg = Release|Any CPU
		{5C2A2CE5-5245-4722-AC02-85BCD9B294E8}.Release|Any CPU.Build.0 = Release|Any CPU
		{C697D292-45F0-489A-9648-1FCA26EECDB0}.Debug|Any CPU.ActiveCfg = Debug|Any CPU
		{C697D292-45F0-489A-9648-1FCA26EECDB0}.Debug|Any CPU.Build.0 = Debug|Any CPU
		{C697D292-45F0-489A-9648-1FCA26EECDB0}.Release|Any CPU.ActiveCfg = Release|Any CPU
		{C697D292-45F0-489A-9648-1FCA26EECDB0}.Release|Any CPU.Build.0 = Release|Any CPU
		{8E23EE70-CF91-4BD4-A2B5-20186D8679F3}.Debug|Any CPU.ActiveCfg = Debug|Any CPU
		{8E23EE70-CF91-4BD4-A2B5-20186D8679F3}.Debug|Any CPU.Build.0 = Debug|Any CPU
		{8E23EE70-CF91-4BD4-A2B5-20186D8679F3}.Release|Any CPU.ActiveCfg = Release|Any CPU
		{8E23EE70-CF91-4BD4-A2B5-20186D8679F3}.Release|Any CPU.Build.0 = Release|Any CPU
	EndGlobalSection
	GlobalSection(SolutionProperties) = preSolution
		HideSolutionNode = FALSE
	EndGlobalSection
	GlobalSection(NestedProjects) = preSolution
		{B53A7C7A-7B88-45CA-B4AD-4AC2E365C966} = {5CEEDC0E-6A4E-4368-9A6C-62769DE3859F}
		{AF9DA658-AFC4-434E-A89F-C5933ECC7A20} = {B53A7C7A-7B88-45CA-B4AD-4AC2E365C966}
		{5C2A2CE5-5245-4722-AC02-85BCD9B294E8} = {EEA558EF-4DA1-490E-BE42-B88873826474}
		{B1BA7CC8-D057-444B-981D-6F3A45D10C00} = {5CEEDC0E-6A4E-4368-9A6C-62769DE3859F}
		{8E23EE70-CF91-4BD4-A2B5-20186D8679F3} = {B1BA7CC8-D057-444B-981D-6F3A45D10C00}
	EndGlobalSection
	GlobalSection(ExtensibilityGlobals) = postSolution
		SolutionGuid = {126CEB15-43C5-4F30-93FF-AA210BFBF10A}
	EndGlobalSection
EndGlobal
